
Microsoft Visual Studio Solution File, Format Version 12.00
# Visual Studio Version 17
VisualStudioVersion = 17.3.32804.467
MinimumVisualStudioVersion = 10.0.40219.1
Project("{FAE04EC0-301F-11D3-BF4B-00C04F79EFBC}") = "dbpractice", "dbpractice\dbpractice.csproj", "{2725E18D-9100-447D-8ADB-E678883A77C5}"
EndProject
Global
	GlobalSection(SolutionConfigurationPlatforms) = preSolution
		Debug|Any CPU = Debug|Any CPU
		Release|Any CPU = Release|Any CPU
	EndGlobalSection
	GlobalSection(ProjectConfigurationPlatforms) = postSolution
		{2725E18D-9100-447D-8ADB-E678883A77C5}.Debug|Any CPU.ActiveCfg = Debug|Any CPU
		{2725E18D-9100-447D-8ADB-E678883A77C5}.Debug|Any CPU.Build.0 = Debug|Any CPU
		{2725E18D-9100-447D-8ADB-E678883A77C5}.Release|Any CPU.ActiveCfg = Release|Any CPU
		{2725E18D-9100-447D-8ADB-E678883A77C5}.Release|Any CPU.Build.0 = Release|Any CPU
	EndGlobalSection
	GlobalSection(SolutionProperties) = preSolution
		HideSolutionNode = FALSE
	EndGlobalSection
	GlobalSection(ExtensibilityGlobals) = postSolution
		SolutionGuid = {F2AF2EC2-6EF8-4B0F-AEB1-D23EB80D0327}
	EndGlobalSection
EndGlobal
